// !$*UTF8*$!
{
	archiveVersion = 1;
	classes = {
	};
	objectVersion = 50;
	objects = {

/* Begin PBXBuildFile section */
		2ADB61DA70112525E22C4175 /* libPods-Lottie-animation.a in Frameworks */ = {isa = PBXBuildFile; fileRef = B24602FF91E8A28ACCA1186A /* libPods-Lottie-animation.a */; };
		F607D05424E119CE005E3FBB /* AppDelegate.swift in Sources */ = {isa = PBXBuildFile; fileRef = F607D05324E119CE005E3FBB /* AppDelegate.swift */; };
		F607D05624E119CE005E3FBB /* SceneDelegate.swift in Sources */ = {isa = PBXBuildFile; fileRef = F607D05524E119CE005E3FBB /* SceneDelegate.swift */; };
		F607D05824E119CE005E3FBB /* ViewController.swift in Sources */ = {isa = PBXBuildFile; fileRef = F607D05724E119CE005E3FBB /* ViewController.swift */; };
		F607D05B24E119CE005E3FBB /* Main.storyboard in Resources */ = {isa = PBXBuildFile; fileRef = F607D05924E119CE005E3FBB /* Main.storyboard */; };
		F607D05D24E119D0005E3FBB /* Assets.xcassets in Resources */ = {isa = PBXBuildFile; fileRef = F607D05C24E119D0005E3FBB /* Assets.xcassets */; };
		F607D06024E119D0005E3FBB /* LaunchScreen.storyboard in Resources */ = {isa = PBXBuildFile; fileRef = F607D05E24E119D0005E3FBB /* LaunchScreen.storyboard */; };
		F607D06B24E119D1005E3FBB /* Lottie_animationTests.swift in Sources */ = {isa = PBXBuildFile; fileRef = F607D06A24E119D1005E3FBB /* Lottie_animationTests.swift */; };
		F607D07A24E120E8005E3FBB /* webdev.json in Resources */ = {isa = PBXBuildFile; fileRef = F607D07924E120E7005E3FBB /* webdev.json */; };
/* End PBXBuildFile section */

/* Begin PBXContainerItemProxy section */
		F607D06724E119D1005E3FBB /* PBXContainerItemProxy */ = {
			isa = PBXContainerItemProxy;
			containerPortal = F607D04824E119CD005E3FBB /* Project object */;
			proxyType = 1;
			remoteGlobalIDString = F607D04F24E119CE005E3FBB;
			remoteInfo = "Lottie-animation";
		};
/* End PBXContainerItemProxy section */

/* Begin PBXFileReference section */
		77145135A2DD262AC13AAA80 /* Pods-Lottie-animation.release.xcconfig */ = {isa = PBXFileReference; includeInIndex = 1; lastKnownFileType = text.xcconfig; name = "Pods-Lottie-animation.release.xcconfig"; path = "Target Support Files/Pods-Lottie-animation/Pods-Lottie-animation.release.xcconfig"; sourceTree = "<group>"; };
		B24602FF91E8A28ACCA1186A /* libPods-Lottie-animation.a */ = {isa = PBXFileReference; explicitFileType = archive.ar; includeInIndex = 0; path = "libPods-Lottie-animation.a"; sourceTree = BUILT_PRODUCTS_DIR; };
		C8052D8C5C4474BC0A2F016F /* Pods-Lottie-animation.debug.xcconfig */ = {isa = PBXFileReference; includeInIndex = 1; lastKnownFileType = text.xcconfig; name = "Pods-Lottie-animation.debug.xcconfig"; path = "Target Support Files/Pods-Lottie-animation/Pods-Lottie-animation.debug.xcconfig"; sourceTree = "<group>"; };
		F607D05024E119CE005E3FBB /* Lottie-animation.app */ = {isa = PBXFileReference; explicitFileType = wrapper.application; includeInIndex = 0; path = "Lottie-animation.app"; sourceTree = BUILT_PRODUCTS_DIR; };
		F607D05324E119CE005E3FBB /* AppDelegate.swift */ = {isa = PBXFileReference; lastKnownFileType = sourcecode.swift; path = AppDelegate.swift; sourceTree = "<group>"; };
		F607D05524E119CE005E3FBB /* SceneDelegate.swift */ = {isa = PBXFileReference; lastKnownFileType = sourcecode.swift; path = SceneDelegate.swift; sourceTree = "<group>"; };
		F607D05724E119CE005E3FBB /* ViewController.swift */ = {isa = PBXFileReference; lastKnownFileType = sourcecode.swift; path = ViewController.swift; sourceTree = "<group>"; };
		F607D05A24E119CE005E3FBB /* Base */ = {isa = PBXFileReference; lastKnownFileType = file.storyboard; name = Base; path = Base.lproj/Main.storyboard; sourceTree = "<group>"; };
		F607D05C24E119D0005E3FBB /* Assets.xcassets */ = {isa = PBXFileReference; lastKnownFileType = folder.assetcatalog; path = Assets.xcassets; sourceTree = "<group>"; };
		F607D05F24E119D0005E3FBB /* Base */ = {isa = PBXFileReference; lastKnownFileType = file.storyboard; name = Base; path = Base.lproj/LaunchScreen.storyboard; sourceTree = "<group>"; };
		F607D06124E119D0005E3FBB /* Info.plist */ = {isa = PBXFileReference; lastKnownFileType = text.plist.xml; path = Info.plist; sourceTree = "<group>"; };
		F607D06624E119D1005E3FBB /* Lottie-animationTests.xctest */ = {isa = PBXFileReference; explicitFileType = wrapper.cfbundle; includeInIndex = 0; path = "Lottie-animationTests.xctest"; sourceTree = BUILT_PRODUCTS_DIR; };
		F607D06A24E119D1005E3FBB /* Lottie_animationTests.swift */ = {isa = PBXFileReference; lastKnownFileType = sourcecode.swift; path = Lottie_animationTests.swift; sourceTree = "<group>"; };
		F607D06C24E119D1005E3FBB /* Info.plist */ = {isa = PBXFileReference; lastKnownFileType = text.plist.xml; path = Info.plist; sourceTree = "<group>"; };
		F607D07924E120E7005E3FBB /* webdev.json */ = {isa = PBXFileReference; fileEncoding = 4; lastKnownFileType = text.json; path = webdev.json; sourceTree = "<group>"; };
/* End PBXFileReference section */

/* Begin PBXFrameworksBuildPhase section */
		F607D04D24E119CE005E3FBB /* Frameworks */ = {
			isa = PBXFrameworksBuildPhase;
			buildActionMask = 2147483647;
			files = (
				2ADB61DA70112525E22C4175 /* libPods-Lottie-animation.a in Frameworks */,
			);
			runOnlyForDeploymentPostprocessing = 0;
		};
		F607D06324E119D1005E3FBB /* Frameworks */ = {
			isa = PBXFrameworksBuildPhase;
			buildActionMask = 2147483647;
			files = (
			);
			runOnlyForDeploymentPostprocessing = 0;
		};
/* End PBXFrameworksBuildPhase section */

/* Begin PBXGroup section */
		399B01A671C5705F5E16FFDC /* Frameworks */ = {
			isa = PBXGroup;
			children = (
				B24602FF91E8A28ACCA1186A /* libPods-Lottie-animation.a */,
			);
			name = Frameworks;
			sourceTree = "<group>";
		};
		913950B1D201C5AC3BA3CD2D /* Pods */ = {
			isa = PBXGroup;
			children = (
				C8052D8C5C4474BC0A2F016F /* Pods-Lottie-animation.debug.xcconfig */,
				77145135A2DD262AC13AAA80 /* Pods-Lottie-animation.release.xcconfig */,
			);
			path = Pods;
			sourceTree = "<group>";
		};
		F607D04724E119CD005E3FBB = {
			isa = PBXGroup;
			children = (
				F607D05224E119CE005E3FBB /* Lottie-animation */,
				F607D06924E119D1005E3FBB /* Lottie-animationTests */,
				F607D05124E119CE005E3FBB /* Products */,
				913950B1D201C5AC3BA3CD2D /* Pods */,
				399B01A671C5705F5E16FFDC /* Frameworks */,
			);
			sourceTree = "<group>";
		};
		F607D05124E119CE005E3FBB /* Products */ = {
			isa = PBXGroup;
			children = (
				F607D05024E119CE005E3FBB /* Lottie-animation.app */,
				F607D06624E119D1005E3FBB /* Lottie-animationTests.xctest */,
			);
			name = Products;
			sourceTree = "<group>";
		};
		F607D05224E119CE005E3FBB /* Lottie-animation */ = {
			isa = PBXGroup;
			children = (
				F607D05324E119CE005E3FBB /* AppDelegate.swift */,
				F607D05524E119CE005E3FBB /* SceneDelegate.swift */,
				F607D05724E119CE005E3FBB /* ViewController.swift */,
				F607D05924E119CE005E3FBB /* Main.storyboard */,
				F607D05C24E119D0005E3FBB /* Assets.xcassets */,
				F607D07924E120E7005E3FBB /* webdev.json */,
				F607D05E24E119D0005E3FBB /* LaunchScreen.storyboard */,
				F607D06124E119D0005E3FBB /* Info.plist */,
			);
			path = "Lottie-animation";
			sourceTree = "<group>";
		};
		F607D06924E119D1005E3FBB /* Lottie-animationTests */ = {
			isa = PBXGroup;
			children = (
				F607D06A24E119D1005E3FBB /* Lottie_animationTests.swift */,
				F607D06C24E119D1005E3FBB /* Info.plist */,
			);
			path = "Lottie-animationTests";
			sourceTree = "<group>";
		};
/* End PBXGroup section */

/* Begin PBXNativeTarget section */
		F607D04F24E119CE005E3FBB /* Lottie-animation */ = {
			isa = PBXNativeTarget;
			buildConfigurationList = F607D06F24E119D1005E3FBB /* Build configuration list for PBXNativeTarget "Lottie-animation" */;
			buildPhases = (
				E3B81B8563B39667C3A0C8FF /* [CP] Check Pods Manifest.lock */,
				F607D04C24E119CE005E3FBB /* Sources */,
				F607D04D24E119CE005E3FBB /* Frameworks */,
				F607D04E24E119CE005E3FBB /* Resources */,
			);
			buildRules = (
			);
			dependencies = (
			);
			name = "Lottie-animation";
			productName = "Lottie-animation";
			productReference = F607D05024E119CE005E3FBB /* Lottie-animation.app */;
			productType = "com.apple.product-type.application";
		};
		F607D06524E119D1005E3FBB /* Lottie-animationTests */ = {
			isa = PBXNativeTarget;
			buildConfigurationList = F607D07224E119D1005E3FBB /* Build configuration list for PBXNativeTarget "Lottie-animationTests" */;
			buildPhases = (
				F607D06224E119D1005E3FBB /* Sources */,
				F607D06324E119D1005E3FBB /* Frameworks */,
				F607D06424E119D1005E3FBB /* Resources */,
			);
			buildRules = (
			);
			dependencies = (
				F607D06824E119D1005E3FBB /* PBXTargetDependency */,
			);
			name = "Lottie-animationTests";
			productName = "Lottie-animationTests";
			productReference = F607D06624E119D1005E3FBB /* Lottie-animationTests.xctest */;
			productType = "com.apple.product-type.bundle.unit-test";
		};
/* End PBXNativeTarget section */

/* Begin PBXProject section */
		F607D04824E119CD005E3FBB /* Project object */ = {
			isa = PBXProject;
			attributes = {
				LastSwiftUpdateCheck = 1160;
				LastUpgradeCheck = 1160;
				ORGANIZATIONNAME = "Safarov Safar";
				TargetAttributes = {
					F607D04F24E119CE005E3FBB = {
						CreatedOnToolsVersion = 11.6;
					};
					F607D06524E119D1005E3FBB = {
						CreatedOnToolsVersion = 11.6;
						TestTargetID = F607D04F24E119CE005E3FBB;
					};
				};
			};
			buildConfigurationList = F607D04B24E119CD005E3FBB /* Build configuration list for PBXProject "Lottie-animation" */;
			compatibilityVersion = "Xcode 9.3";
			developmentRegion = en;
			hasScannedForEncodings = 0;
			knownRegions = (
				en,
				Base,
			);
			mainGroup = F607D04724E119CD005E3FBB;
			productRefGroup = F607D05124E119CE005E3FBB /* Products */;
			projectDirPath = "";
			projectRoot = "";
			targets = (
				F607D04F24E119CE005E3FBB /* Lottie-animation */,
				F607D06524E119D1005E3FBB /* Lottie-animationTests */,
			);
		};
/* End PBXProject section */

/* Begin PBXResourcesBuildPhase section */
		F607D04E24E119CE005E3FBB /* Resources */ = {
			isa = PBXResourcesBuildPhase;
			buildActionMask = 2147483647;
			files = (
				F607D07A24E120E8005E3FBB /* webdev.json in Resources */,
				F607D06024E119D0005E3FBB /* LaunchScreen.storyboard in Resources */,
				F607D05D24E119D0005E3FBB /* Assets.xcassets in Resources */,
				F607D05B24E119CE005E3FBB /* Main.storyboard in Resources */,
			);
			runOnlyForDeploymentPostprocessing = 0;
		};
		F607D06424E119D1005E3FBB /* Resources */ = {
			isa = PBXResourcesBuildPhase;
			buildActionMask = 2147483647;
			files = (
			);
			runOnlyForDeploymentPostprocessing = 0;
		};
/* End PBXResourcesBuildPhase section */

/* Begin PBXShellScriptBuildPhase section */
		E3B81B8563B39667C3A0C8FF /* [CP] Check Pods Manifest.lock */ = {
			isa = PBXShellScriptBuildPhase;
			buildActionMask = 2147483647;
			files = (
			);
			inputFileListPaths = (
			);
			inputPaths = (
				"${PODS_PODFILE_DIR_PATH}/Podfile.lock",
				"${PODS_ROOT}/Manifest.lock",
			);
			name = "[CP] Check Pods Manifest.lock";
			outputFileListPaths = (
			);
			outputPaths = (
				"$(DERIVED_FILE_DIR)/Pods-Lottie-animation-checkManifestLockResult.txt",
			);
			runOnlyForDeploymentPostprocessing = 0;
			shellPath = /bin/sh;
			shellScript = "diff \"${PODS_PODFILE_DIR_PATH}/Podfile.lock\" \"${PODS_ROOT}/Manifest.lock\" > /dev/null\nif [ $? != 0 ] ; then\n    # print error to STDERR\n    echo \"error: The sandbox is not in sync with the Podfile.lock. Run 'pod install' or update your CocoaPods installation.\" >&2\n    exit 1\nfi\n# This output is used by Xcode 'outputs' to avoid re-running this script phase.\necho \"SUCCESS\" > \"${SCRIPT_OUTPUT_FILE_0}\"\n";
			showEnvVarsInLog = 0;
		};
/* End PBXShellScriptBuildPhase section */

/* Begin PBXSourcesBuildPhase section */
		F607D04C24E119CE005E3FBB /* Sources */ = {
			isa = PBXSourcesBuildPhase;
			buildActionMask = 2147483647;
			files = (
				F607D05824E119CE005E3FBB /* ViewController.swift in Sources */,
				F607D05424E119CE005E3FBB /* AppDelegate.swift in Sources */,
				F607D05624E119CE005E3FBB /* SceneDelegate.swift in Sources */,
			);
			runOnlyForDeploymentPostprocessing = 0;
		};
		F607D06224E119D1005E3FBB /* Sources */ = {
			isa = PBXSourcesBuildPhase;
			buildActionMask = 2147483647;
			files = (
				F607D06B24E119D1005E3FBB /* Lottie_animationTests.swift in Sources */,
			);
			runOnlyForDeploymentPostprocessing = 0;
		};
/* End PBXSourcesBuildPhase section */

/* Begin PBXTargetDependency section */
		F607D06824E119D1005E3FBB /* PBXTargetDependency */ = {
			isa = PBXTargetDependency;
			target = F607D04F24E119CE005E3FBB /* Lottie-animation */;
			targetProxy = F607D06724E119D1005E3FBB /* PBXContainerItemProxy */;
		};
/* End PBXTargetDependency section */

/* Begin PBXVariantGroup section */
		F607D05924E119CE005E3FBB /* Main.storyboard */ = {
			isa = PBXVariantGroup;
			children = (
				F607D05A24E119CE005E3FBB /* Base */,
			);
			name = Main.storyboard;
			sourceTree = "<group>";
		};
		F607D05E24E119D0005E3FBB /* LaunchScreen.storyboard */ = {
			isa = PBXVariantGroup;
			children = (
				F607D05F24E119D0005E3FBB /* Base */,
			);
			name = LaunchScreen.storyboard;
			sourceTree = "<group>";
		};
/* End PBXVariantGroup section */

/* Begin XCBuildConfiguration section */
		F607D06D24E119D1005E3FBB /* Debug */ = {
			isa = XCBuildConfiguration;
			buildSettings = {
				ALWAYS_SEARCH_USER_PATHS = NO;
				CLANG_ANALYZER_NONNULL = YES;
				CLANG_ANALYZER_NUMBER_OBJECT_CONVERSION = YES_AGGRESSIVE;
				CLANG_CXX_LANGUAGE_STANDARD = "gnu++14";
				CLANG_CXX_LIBRARY = "libc++";
				CLANG_ENABLE_MODULES = YES;
				CLANG_ENABLE_OBJC_ARC = YES;
				CLANG_ENABLE_OBJC_WEAK = YES;
				CLANG_WARN_BLOCK_CAPTURE_AUTORELEASING = YES;
				CLANG_WARN_BOOL_CONVERSION = YES;
				CLANG_WARN_COMMA = YES;
				CLANG_WARN_CONSTANT_CONVERSION = YES;
				CLANG_WARN_DEPRECATED_OBJC_IMPLEMENTATIONS = YES;
				CLANG_WARN_DIRECT_OBJC_ISA_USAGE = YES_ERROR;
				CLANG_WARN_DOCUMENTATION_COMMENTS = YES;
				CLANG_WARN_EMPTY_BODY = YES;
				CLANG_WARN_ENUM_CONVERSION = YES;
				CLANG_WARN_INFINITE_RECURSION = YES;
				CLANG_WARN_INT_CONVERSION = YES;
				CLANG_WARN_NON_LITERAL_NULL_CONVERSION = YES;
				CLANG_WARN_OBJC_IMPLICIT_RETAIN_SELF = YES;
				CLANG_WARN_OBJC_LITERAL_CONVERSION = YES;
				CLANG_WARN_OBJC_ROOT_CLASS = YES_ERROR;
				CLANG_WARN_RANGE_LOOP_ANALYSIS = YES;
				CLANG_WARN_STRICT_PROTOTYPES = YES;
				CLANG_WARN_SUSPICIOUS_MOVE = YES;
				CLANG_WARN_UNGUARDED_AVAILABILITY = YES_AGGRESSIVE;
				CLANG_WARN_UNREACHABLE_CODE = YES;
				CLANG_WARN__DUPLICATE_METHOD_MATCH = YES;
				COPY_PHASE_STRIP = NO;
				DEBUG_INFORMATION_FORMAT = dwarf;
				ENABLE_STRICT_OBJC_MSGSEND = YES;
				ENABLE_TESTABILITY = YES;
				GCC_C_LANGUAGE_STANDARD = gnu11;
				GCC_DYNAMIC_NO_PIC = NO;
				GCC_NO_COMMON_BLOCKS = YES;
				GCC_OPTIMIZATION_LEVEL = 0;
				GCC_PREPROCESSOR_DEFINITIONS = (
					"DEBUG=1",
					"$(inherited)",
				);
				GCC_WARN_64_TO_32_BIT_CONVERSION = YES;
				GCC_WARN_ABOUT_RETURN_TYPE = YES_ERROR;
				GCC_WARN_UNDECLARED_SELECTOR = YES;
				GCC_WARN_UNINITIALIZED_AUTOS = YES_AGGRESSIVE;
				GCC_WARN_UNUSED_FUNCTION = YES;
				GCC_WARN_UNUSED_VARIABLE = YES;
				IPHONEOS_DEPLOYMENT_TARGET = 13.6;
				MTL_ENABLE_DEBUG_INFO = INCLUDE_SOURCE;
				MTL_FAST_MATH = YES;
				ONLY_ACTIVE_ARCH = YES;
				SDKROOT = iphoneos;
				SWIFT_ACTIVE_COMPILATION_CONDITIONS = DEBUG;
				SWIFT_OPTIMIZATION_LEVEL = "-Onone";
			};
			name = Debug;
		};
		F607D06E24E119D1005E3FBB /* Release */ = {
			isa = XCBuildConfiguration;
			buildSettings = {
				ALWAYS_SEARCH_USER_PATHS = NO;
				CLANG_ANALYZER_NONNULL = YES;
				CLANG_ANALYZER_NUMBER_OBJECT_CONVERSION = YES_AGGRESSIVE;
				CLANG_CXX_LANGUAGE_STANDARD = "gnu++14";
				CLANG_CXX_LIBRARY = "libc++";
				CLANG_ENABLE_MODULES = YES;
				CLANG_ENABLE_OBJC_ARC = YES;
				CLANG_ENABLE_OBJC_WEAK = YES;
				CLANG_WARN_BLOCK_CAPTURE_AUTORELEASING = YES;
				CLANG_WARN_BOOL_CONVERSION = YES;
				CLANG_WARN_COMMA = YES;
				CLANG_WARN_CONSTANT_CONVERSION = YES;
				CLANG_WARN_DEPRECATED_OBJC_IMPLEMENTATIONS = YES;
				CLANG_WARN_DIRECT_OBJC_ISA_USAGE = YES_ERROR;
				CLANG_WARN_DOCUMENTATION_COMMENTS = YES;
				CLANG_WARN_EMPTY_BODY = YES;
				CLANG_WARN_ENUM_CONVERSION = YES;
				CLANG_WARN_INFINITE_RECURSION = YES;
				CLANG_WARN_INT_CONVERSION = YES;
				CLANG_WARN_NON_LITERAL_NULL_CONVERSION = YES;
				CLANG_WARN_OBJC_IMPLICIT_RETAIN_SELF = YES;
				CLANG_WARN_OBJC_LITERAL_CONVERSION = YES;
				CLANG_WARN_OBJC_ROOT_CLASS = YES_ERROR;
				CLANG_WARN_RANGE_LOOP_ANALYSIS = YES;
				CLANG_WARN_STRICT_PROTOTYPES = YES;
				CLANG_WARN_SUSPICIOUS_MOVE = YES;
				CLANG_WARN_UNGUARDED_AVAILABILITY = YES_AGGRESSIVE;
				CLANG_WARN_UNREACHABLE_CODE = YES;
				CLANG_WARN__DUPLICATE_METHOD_MATCH = YES;
				COPY_PHASE_STRIP = NO;
				DEBUG_INFORMATION_FORMAT = "dwarf-with-dsym";
				ENABLE_NS_ASSERTIONS = NO;
				ENABLE_STRICT_OBJC_MSGSEND = YES;
				GCC_C_LANGUAGE_STANDARD = gnu11;
				GCC_NO_COMMON_BLOCKS = YES;
				GCC_WARN_64_TO_32_BIT_CONVERSION = YES;
				GCC_WARN_ABOUT_RETURN_TYPE = YES_ERROR;
				GCC_WARN_UNDECLARED_SELECTOR = YES;
				GCC_WARN_UNINITIALIZED_AUTOS = YES_AGGRESSIVE;
				GCC_WARN_UNUSED_FUNCTION = YES;
				GCC_WARN_UNUSED_VARIABLE = YES;
				IPHONEOS_DEPLOYMENT_TARGET = 13.6;
				MTL_ENABLE_DEBUG_INFO = NO;
				MTL_FAST_MATH = YES;
				SDKROOT = iphoneos;
				SWIFT_COMPILATION_MODE = wholemodule;
				SWIFT_OPTIMIZATION_LEVEL = "-O";
				VALIDATE_PRODUCT = YES;
			};
			name = Release;
		};
		F607D07024E119D1005E3FBB /* Debug */ = {
			isa = XCBuildConfiguration;
			baseConfigurationReference = C8052D8C5C4474BC0A2F016F /* Pods-Lottie-animation.debug.xcconfig */;
			buildSettings = {
				ASSETCATALOG_COMPILER_APPICON_NAME = AppIcon;
				CODE_SIGN_STYLE = Automatic;
				DEVELOPMENT_TEAM = 73DJK9R2PB;
				INFOPLIST_FILE = "Lottie-animation/Info.plist";
				LD_RUNPATH_SEARCH_PATHS = (
					"$(inherited)",
					"@executable_path/Frameworks",
				);
				PRODUCT_BUNDLE_IDENTIFIER = "safarslife.Lottie-animation";
				PRODUCT_NAME = "$(TARGET_NAME)";
				SWIFT_VERSION = 5.0;
				TARGETED_DEVICE_FAMILY = "1,2";
			};
			name = Debug;
		};
		F607D07124E119D1005E3FBB /* Release */ = {
			isa = XCBuildConfiguration;
			baseConfigurationReference = 77145135A2DD262AC13AAA80 /* Pods-Lottie-animation.release.xcconfig */;
			buildSettings = {
				ASSETCATALOG_COMPILER_APPICON_NAME = AppIcon;
				CODE_SIGN_STYLE = Automatic;
				DEVELOPMENT_TEAM = 73DJK9R2PB;
				INFOPLIST_FILE = "Lottie-animation/Info.plist";
				LD_RUNPATH_SEARCH_PATHS = (
					"$(inherited)",
					"@executable_path/Frameworks",
				);
				PRODUCT_BUNDLE_IDENTIFIER = "safarslife.Lottie-animation";
				PRODUCT_NAME = "$(TARGET_NAME)";
				SWIFT_VERSION = 5.0;
				TARGETED_DEVICE_FAMILY = "1,2";
			};
			name = Release;
		};
		F607D07324E119D1005E3FBB /* Debug */ = {
			isa = XCBuildConfiguration;
			buildSettings = {
				ALWAYS_EMBED_SWIFT_STANDARD_LIBRARIES = YES;
				BUNDLE_LOADER = "$(TEST_HOST)";
				CODE_SIGN_STYLE = Automatic;
				DEVELOPMENT_TEAM = 73DJK9R2PB;
				INFOPLIST_FILE = "Lottie-animationTests/Info.plist";
				IPHONEOS_DEPLOYMENT_TARGET = 13.6;
				LD_RUNPATH_SEARCH_PATHS = (
					"$(inherited)",
					"@executable_path/Frameworks",
					"@loader_path/Frameworks",
				);
				PRODUCT_BUNDLE_IDENTIFIER = "safarslife.Lottie-animationTests";
				PRODUCT_NAME = "$(TARGET_NAME)";
				SWIFT_VERSION = 5.0;
				TARGETED_DEVICE_FAMILY = "1,2";
				TEST_HOST = "$(BUILT_PRODUCTS_DIR)/Lottie-animation.app/Lottie-animation";
			};
			name = Debug;
		};
		F607D07424E119D1005E3FBB /* Release */ = {
			isa = XCBuildConfiguration;
			buildSettings = {
				ALWAYS_EMBED_SWIFT_STANDARD_LIBRARIES = YES;
				BUNDLE_LOADER = "$(TEST_HOST)";
				CODE_SIGN_STYLE = Automatic;
				DEVELOPMENT_TEAM = 73DJK9R2PB;
				INFOPLIST_FILE = "Lottie-animationTests/Info.plist";
				IPHONEOS_DEPLOYMENT_TARGET = 13.6;
				LD_RUNPATH_SEARCH_PATHS = (
					"$(inherited)",
					"@executable_path/Frameworks",
					"@loader_path/Frameworks",
				);
				PRODUCT_BUNDLE_IDENTIFIER = "safarslife.Lottie-animationTests";
				PRODUCT_NAME = "$(TARGET_NAME)";
				SWIFT_VERSION = 5.0;
				TARGETED_DEVICE_FAMILY = "1,2";
				TEST_HOST = "$(BUILT_PRODUCTS_DIR)/Lottie-animation.app/Lottie-animation";
			};
			name = Release;
		};
/* End XCBuildConfiguration section */

/* Begin XCConfigurationList section */
		F607D04B24E119CD005E3FBB /* Build configuration list for PBXProject "Lottie-animation" */ = {
			isa = XCConfigurationList;
			buildConfigurations = (
				F607D06D24E119D1005E3FBB /* Debug */,
				F607D06E24E119D1005E3FBB /* Release */,
			);
			defaultConfigurationIsVisible = 0;
			defaultConfigurationName = Release;
		};
		F607D06F24E119D1005E3FBB /* Build configuration list for PBXNativeTarget "Lottie-animation" */ = {
			isa = XCConfigurationList;
			buildConfigurations = (
				F607D07024E119D1005E3FBB /* Debug */,
				F607D07124E119D1005E3FBB /* Release */,
			);
			defaultConfigurationIsVisible = 0;
			defaultConfigurationName = Release;
		};
		F607D07224E119D1005E3FBB /* Build configuration list for PBXNativeTarget "Lottie-animationTests" */ = {
			isa = XCConfigurationList;
			buildConfigurations = (
				F607D07324E119D1005E3FBB /* Debug */,
				F607D07424E119D1005E3FBB /* Release */,
			);
			defaultConfigurationIsVisible = 0;
			defaultConfigurationName = Release;
		};
/* End XCConfigurationList section */
	};
	rootObject = F607D04824E119CD005E3FBB /* Project object */;
}
